
Microsoft Visual Studio Solution File, Format Version 12.00
# Visual Studio 14
VisualStudioVersion = 14.0.25420.1
MinimumVisualStudioVersion = 10.0.40219.1
Project("{FAE04EC0-301F-11D3-BF4B-00C04F79EFBC}") = "WebApplication1", "WebApplication1\WebApplication1.csproj", "{EBCCE1D3-2673-4FF9-8760-8D541B320DF8}"
EndProject
Project("{2150E333-8FDC-42A3-9474-1A3956D46DE8}") = "Model", "Model", "{32C6BBAA-015E-4A65-BD68-18697B92B8C6}"
EndProject
Project("{2150E333-8FDC-42A3-9474-1A3956D46DE8}") = "View Model", "View Model", "{71256B14-C10F-4DBD-A6E7-3DD62834A149}"
EndProject
Project("{2150E333-8FDC-42A3-9474-1A3956D46DE8}") = "View And Controller", "View And Controller", "{66414C20-FC65-4D69-9F83-0C3F92715623}"
EndProject
Project("{2150E333-8FDC-42A3-9474-1A3956D46DE8}") = "Data Access Layer", "Data Access Layer", "{62FADA4E-F565-4A0D-B897-91BFB20C36BF}"
EndProject
Project("{FAE04EC0-301F-11D3-BF4B-00C04F79EFBC}") = "DataAccessLayer", "DataAccessLayer\DataAccessLayer.csproj", "{1546F43F-2559-4D4F-8C4A-A253A9FD1992}"
EndProject
Project("{FAE04EC0-301F-11D3-BF4B-00C04F79EFBC}") = "BusinessLayer", "BusinessLayer\BusinessLayer.csproj", "{052258DA-C850-4F91-B658-F5D56CE3CE1B}"
EndProject
Project("{FAE04EC0-301F-11D3-BF4B-00C04F79EFBC}") = "BusinessEntities", "BusinessEntities\BusinessEntities.csproj", "{6166877C-35FA-4C28-B3C8-C9C40794B33E}"
EndProject
Project("{FAE04EC0-301F-11D3-BF4B-00C04F79EFBC}") = "ViewModel", "ViewModel\ViewModel.csproj", "{51E22638-2A85-4085-8AEB-53A2B586395F}"
EndProject
Global
	GlobalSection(SolutionConfigurationPlatforms) = preSolution
		Debug|Any CPU = Debug|Any CPU
		Release|Any CPU = Release|Any CPU
	EndGlobalSection
	GlobalSection(ProjectConfigurationPlatforms) = postSolution
		{EBCCE1D3-2673-4FF9-8760-8D541B320DF8}.Debug|Any CPU.ActiveCfg = Debug|Any CPU
		{EBCCE1D3-2673-4FF9-8760-8D541B320DF8}.Debug|Any CPU.Build.0 = Debug|Any CPU
		{EBCCE1D3-2673-4FF9-8760-8D541B320DF8}.Release|Any CPU.ActiveCfg = Release|Any CPU
		{EBCCE1D3-2673-4FF9-8760-8D541B320DF8}.Release|Any CPU.Build.0 = Release|Any CPU
		{1546F43F-2559-4D4F-8C4A-A253A9FD1992}.Debug|Any CPU.ActiveCfg = Debug|Any CPU
		{1546F43F-2559-4D4F-8C4A-A253A9FD1992}.Debug|Any CPU.Build.0 = Debug|Any CPU
		{1546F43F-2559-4D4F-8C4A-A253A9FD1992}.Release|Any CPU.ActiveCfg = Release|Any CPU
		{1546F43F-2559-4D4F-8C4A-A253A9FD1992}.Release|Any CPU.Build.0 = Release|Any CPU
		{052258DA-C850-4F91-B658-F5D56CE3CE1B}.Debug|Any CPU.ActiveCfg = Debug|Any CPU
		{052258DA-C850-4F91-B658-F5D56CE3CE1B}.Debug|Any CPU.Build.0 = Debug|Any CPU
		{052258DA-C850-4F91-B658-F5D56CE3CE1B}.Release|Any CPU.ActiveCfg = Release|Any CPU
		{052258DA-C850-4F91-B658-F5D56CE3CE1B}.Release|Any CPU.Build.0 = Release|Any CPU
		{6166877C-35FA-4C28-B3C8-C9C40794B33E}.Debug|Any CPU.ActiveCfg = Debug|Any CPU
		{6166877C-35FA-4C28-B3C8-C9C40794B33E}.Debug|Any CPU.Build.0 = Debug|Any CPU
		{6166877C-35FA-4C28-B3C8-C9C40794B33E}.Release|Any CPU.ActiveCfg = Release|Any CPU
		{6166877C-35FA-4C28-B3C8-C9C40794B33E}.Release|Any CPU.Build.0 = Release|Any CPU
		{51E22638-2A85-4085-8AEB-53A2B586395F}.Debug|Any CPU.ActiveCfg = Debug|Any CPU
		{51E22638-2A85-4085-8AEB-53A2B586395F}.Debug|Any CPU.Build.0 = Debug|Any CPU
		{51E22638-2A85-4085-8AEB-53A2B586395F}.Release|Any CPU.ActiveCfg = Release|Any CPU
		{51E22638-2A85-4085-8AEB-53A2B586395F}.Release|Any CPU.Build.0 = Release|Any CPU
	EndGlobalSection
	GlobalSection(SolutionProperties) = preSolution
		HideSolutionNode = FALSE
	EndGlobalSection
	GlobalSection(NestedProjects) = preSolution
		{EBCCE1D3-2673-4FF9-8760-8D541B320DF8} = {66414C20-FC65-4D69-9F83-0C3F92715623}
		{1546F43F-2559-4D4F-8C4A-A253A9FD1992} = {62FADA4E-F565-4A0D-B897-91BFB20C36BF}
		{052258DA-C850-4F91-B658-F5D56CE3CE1B} = {32C6BBAA-015E-4A65-BD68-18697B92B8C6}
		{6166877C-35FA-4C28-B3C8-C9C40794B33E} = {32C6BBAA-015E-4A65-BD68-18697B92B8C6}
		{51E22638-2A85-4085-8AEB-53A2B586395F} = {71256B14-C10F-4DBD-A6E7-3DD62834A149}
	EndGlobalSection
EndGlobal
